
Microsoft Visual Studio Solution File, Format Version 12.00
# Visual Studio 15
VisualStudioVersion = 15.0.28307.168
MinimumVisualStudioVersion = 10.0.40219.1
Project("{2150E333-8FDC-42A3-9474-1A3956D46DE8}") = "Infrastructure", "Infrastructure", "{9D8E94CE-F95F-4EA2-B029-2FE0B8583E87}"
EndProject
Project("{9A19103F-16F7-4668-BE54-9A1E7A4F7556}") = "BusClient.Lib", "..\Shared\BusClient.Lib\BusClient.Lib\BusClient.Lib.csproj", "{0FDFD7B6-D347-463B-A901-5AC0CB0C902E}"
EndProject
Project("{2150E333-8FDC-42A3-9474-1A3956D46DE8}") = "Core", "Core", "{1876331D-4686-43E1-BBD3-9E81831B2532}"
EndProject
Project("{FAE04EC0-301F-11D3-BF4B-00C04F79EFBC}") = "Client.Domain", "Client.Domain\Client.Domain.csproj", "{4C0D6837-5A08-4C27-8259-8F0C5B9D1AEF}"
EndProject
Project("{FAE04EC0-301F-11D3-BF4B-00C04F79EFBC}") = "Client.Application", "Client.Application\Client.Application.csproj", "{FF70DE1B-718A-465A-A8F6-A1F5587296D8}"
EndProject
Project("{2150E333-8FDC-42A3-9474-1A3956D46DE8}") = "Presentation", "Presentation", "{8A27A758-48E1-460B-952D-4490302C6B69}"
EndProject
Project("{FAE04EC0-301F-11D3-BF4B-00C04F79EFBC}") = "Client.WebApi", "Client.WebApi\Client.WebApi.csproj", "{DA3F5C93-C0B5-4C66-9079-23F98CFEE260}"
EndProject
Global
	GlobalSection(SolutionConfigurationPlatforms) = preSolution
		Debug|Any CPU = Debug|Any CPU
		Release|Any CPU = Release|Any CPU
	EndGlobalSection
	GlobalSection(ProjectConfigurationPlatforms) = postSolution
		{0FDFD7B6-D347-463B-A901-5AC0CB0C902E}.Debug|Any CPU.ActiveCfg = Debug|Any CPU
		{0FDFD7B6-D347-463B-A901-5AC0CB0C902E}.Debug|Any CPU.Build.0 = Debug|Any CPU
		{0FDFD7B6-D347-463B-A901-5AC0CB0C902E}.Release|Any CPU.ActiveCfg = Release|Any CPU
		{0FDFD7B6-D347-463B-A901-5AC0CB0C902E}.Release|Any CPU.Build.0 = Release|Any CPU
		{4C0D6837-5A08-4C27-8259-8F0C5B9D1AEF}.Debug|Any CPU.ActiveCfg = Debug|Any CPU
		{4C0D6837-5A08-4C27-8259-8F0C5B9D1AEF}.Debug|Any CPU.Build.0 = Debug|Any CPU
		{4C0D6837-5A08-4C27-8259-8F0C5B9D1AEF}.Release|Any CPU.ActiveCfg = Release|Any CPU
		{4C0D6837-5A08-4C27-8259-8F0C5B9D1AEF}.Release|Any CPU.Build.0 = Release|Any CPU
		{FF70DE1B-718A-465A-A8F6-A1F5587296D8}.Debug|Any CPU.ActiveCfg = Debug|Any CPU
		{FF70DE1B-718A-465A-A8F6-A1F5587296D8}.Debug|Any CPU.Build.0 = Debug|Any CPU
		{FF70DE1B-718A-465A-A8F6-A1F5587296D8}.Release|Any CPU.ActiveCfg = Release|Any CPU
		{FF70DE1B-718A-465A-A8F6-A1F5587296D8}.Release|Any CPU.Build.0 = Release|Any CPU
		{DA3F5C93-C0B5-4C66-9079-23F98CFEE260}.Debug|Any CPU.ActiveCfg = Debug|Any CPU
		{DA3F5C93-C0B5-4C66-9079-23F98CFEE260}.Debug|Any CPU.Build.0 = Debug|Any CPU
		{DA3F5C93-C0B5-4C66-9079-23F98CFEE260}.Release|Any CPU.ActiveCfg = Release|Any CPU
		{DA3F5C93-C0B5-4C66-9079-23F98CFEE260}.Release|Any CPU.Build.0 = Release|Any CPU
	EndGlobalSection
	GlobalSection(SolutionProperties) = preSolution
		HideSolutionNode = FALSE
	EndGlobalSection
	GlobalSection(NestedProjects) = preSolution
		{0FDFD7B6-D347-463B-A901-5AC0CB0C902E} = {9D8E94CE-F95F-4EA2-B029-2FE0B8583E87}
		{4C0D6837-5A08-4C27-8259-8F0C5B9D1AEF} = {1876331D-4686-43E1-BBD3-9E81831B2532}
		{FF70DE1B-718A-465A-A8F6-A1F5587296D8} = {1876331D-4686-43E1-BBD3-9E81831B2532}
		{DA3F5C93-C0B5-4C66-9079-23F98CFEE260} = {8A27A758-48E1-460B-952D-4490302C6B69}
	EndGlobalSection
	GlobalSection(ExtensibilityGlobals) = postSolution
		SolutionGuid = {E7A3E401-657B-4CEF-9103-87668932DC0C}
	EndGlobalSection
EndGlobal
